PODS:
  - R.swift (5.3.1):
    - R.swift.Library (~> 5.3.0)
  - R.swift.Library (5.3.0)
  - TableKit (2.11.0)

DEPENDENCIES:
  - R.swift
  - TableKit

SPEC REPOS:
  trunk:
    - R.swift
    - R.swift.Library
    - TableKit

SPEC CHECKSUMS:
  R.swift: 56ec7e3aef34b9eee47a659e42462db2c1cc5ac3
  R.swift.Library: 0fc583cb55a99e28901299cc451614cad1161962
  TableKit: 8a1a267d841a2da638ea09bdb0db33aedb459fa8

PODFILE CHECKSUM: 92dd1b38520447f24cba07033788b444cef20667

COCOAPODS: 1.10.0
